# THIS IS AN AUTOGENERATED FILE. DO NOT EDIT THIS FILE DIRECTLY.
# yarn lockfile v1


reaction-club-eslint-config@^0.0.1:
  version "0.0.1"
  resolved "https://registry.yarnpkg.com/reaction-club-eslint-config/-/reaction-club-eslint-config-0.0.1.tgz#c6360cf3bd873addf850f8e3af07eea8854d63e0"
  integrity sha512-tDdFBTFCOkNsYrmIPX22OKAIReh8vq+l+HB5reELKw2HcGTWW1+D4Ch8FPpTDzG7B3I/MngqSzJ3hmbmjwL6Kw==
